
Microsoft Visual Studio Solution File, Format Version 12.00
# Visual Studio Version 16
VisualStudioVersion = 16.0.31025.218
MinimumVisualStudioVersion = 10.0.40219.1
Project("{FAE04EC0-301F-11D3-BF4B-00C04F79EFBC}") = "SchoolManager.Domain", "SchoolManager.Domain\SchoolManager.Domain.csproj", "{4CB35BA5-0FA6-437A-A5B4-F352840BE431}"
EndProject
Project("{FAE04EC0-301F-11D3-BF4B-00C04F79EFBC}") = "SchoolManager.Infrastructure", "SchoolManager.Infrastructure\SchoolManager.Infrastructure.csproj", "{4F886D5E-9440-4CD8-81FF-5BC1C49DF5CE}"
EndProject
Project("{FAE04EC0-301F-11D3-BF4B-00C04F79EFBC}") = "SchoolManager.Application", "SchoolManager.Application\SchoolManager.Application.csproj", "{141C77F7-6EAC-42F1-A7DD-553516987712}"
EndProject
Project("{FAE04EC0-301F-11D3-BF4B-00C04F79EFBC}") = "SchoolManager.API", "SchoolManager.API\SchoolManager.API.csproj", "{2FD39C02-0F9B-4D8A-9B2F-42412061BD5E}"
EndProject
Global
	GlobalSection(SolutionConfigurationPlatforms) = preSolution
		Debug|Any CPU = Debug|Any CPU
		Release|Any CPU = Release|Any CPU
	EndGlobalSection
	GlobalSection(ProjectConfigurationPlatforms) = postSolution
		{4CB35BA5-0FA6-437A-A5B4-F352840BE431}.Debug|Any CPU.ActiveCfg = Debug|Any CPU
		{4CB35BA5-0FA6-437A-A5B4-F352840BE431}.Debug|Any CPU.Build.0 = Debug|Any CPU
		{4CB35BA5-0FA6-437A-A5B4-F352840BE431}.Release|Any CPU.ActiveCfg = Release|Any CPU
		{4CB35BA5-0FA6-437A-A5B4-F352840BE431}.Release|Any CPU.Build.0 = Release|Any CPU
		{4F886D5E-9440-4CD8-81FF-5BC1C49DF5CE}.Debug|Any CPU.ActiveCfg = Debug|Any CPU
		{4F886D5E-9440-4CD8-81FF-5BC1C49DF5CE}.Debug|Any CPU.Build.0 = Debug|Any CPU
		{4F886D5E-9440-4CD8-81FF-5BC1C49DF5CE}.Release|Any CPU.ActiveCfg = Release|Any CPU
		{4F886D5E-9440-4CD8-81FF-5BC1C49DF5CE}.Release|Any CPU.Build.0 = Release|Any CPU
		{141C77F7-6EAC-42F1-A7DD-553516987712}.Debug|Any CPU.ActiveCfg = Debug|Any CPU
		{141C77F7-6EAC-42F1-A7DD-553516987712}.Debug|Any CPU.Build.0 = Debug|Any CPU
		{141C77F7-6EAC-42F1-A7DD-553516987712}.Release|Any CPU.ActiveCfg = Release|Any CPU
		{141C77F7-6EAC-42F1-A7DD-553516987712}.Release|Any CPU.Build.0 = Release|Any CPU
		{2FD39C02-0F9B-4D8A-9B2F-42412061BD5E}.Debug|Any CPU.ActiveCfg = Debug|Any CPU
		{2FD39C02-0F9B-4D8A-9B2F-42412061BD5E}.Debug|Any CPU.Build.0 = Debug|Any CPU
		{2FD39C02-0F9B-4D8A-9B2F-42412061BD5E}.Release|Any CPU.ActiveCfg = Release|Any CPU
		{2FD39C02-0F9B-4D8A-9B2F-42412061BD5E}.Release|Any CPU.Build.0 = Release|Any CPU
	EndGlobalSection
	GlobalSection(SolutionProperties) = preSolution
		HideSolutionNode = FALSE
	EndGlobalSection
	GlobalSection(ExtensibilityGlobals) = postSolution
		SolutionGuid = {5A215D41-B346-4C05-BCFB-B7CDB1A04A8E}
	EndGlobalSection
EndGlobal
